
Microsoft Visual Studio Solution File, Format Version 12.00
# Visual Studio Version 16
VisualStudioVersion = 16.0.30128.74
MinimumVisualStudioVersion = 10.0.40219.1
Project("{D2ABAB84-BF74-430A-B69E-9DC6D40DDA17}") = "Analisis", "Analisis\Analisis.dwproj", "{33E44D35-C883-488D-B7A2-FB1084A6A72B}"
EndProject
Global
	GlobalSection(SolutionConfigurationPlatforms) = preSolution
		Development|Default = Development|Default
	EndGlobalSection
	GlobalSection(ProjectConfigurationPlatforms) = postSolution
		{33E44D35-C883-488D-B7A2-FB1084A6A72B}.Development|Default.ActiveCfg = Development
		{33E44D35-C883-488D-B7A2-FB1084A6A72B}.Development|Default.Build.0 = Development
		{33E44D35-C883-488D-B7A2-FB1084A6A72B}.Development|Default.Deploy.0 = Development
	EndGlobalSection
	GlobalSection(SolutionProperties) = preSolution
		HideSolutionNode = FALSE
	EndGlobalSection
	GlobalSection(ExtensibilityGlobals) = postSolution
		SolutionGuid = {F7865EEB-70BC-4868-A505-E84F4B0A36C6}
	EndGlobalSection
EndGlobal
